
Microsoft Visual Studio Solution File, Format Version 12.00
# Visual Studio Version 17
VisualStudioVersion = 17.1.32421.90
MinimumVisualStudioVersion = 10.0.40219.1
Project("{9A19103F-16F7-4668-BE54-9A1E7A4F7556}") = "Shopping.Client", "Shopping.Client\Shopping.Client.csproj", "{29778A8F-4F56-423E-AE41-650A26EE73BF}"
EndProject
Project("{FAE04EC0-301F-11D3-BF4B-00C04F79EFBC}") = "Shopping.API", "Shopping.API\Shopping.API.csproj", "{2975E639-4E73-4687-8D9A-6F802BC323F9}"
EndProject
Project("{E53339B2-1760-4266-BCC7-CA923CBCF16C}") = "docker-compose", "docker-compose.dcproj", "{D5B11A5E-A80C-43D3-ABFE-0C50C2D6A131}"
EndProject
Global
	GlobalSection(SolutionConfigurationPlatforms) = preSolution
		Debug|Any CPU = Debug|Any CPU
		Release|Any CPU = Release|Any CPU
	EndGlobalSection
	GlobalSection(ProjectConfigurationPlatforms) = postSolution
		{29778A8F-4F56-423E-AE41-650A26EE73BF}.Debug|Any CPU.ActiveCfg = Debug|Any CPU
		{29778A8F-4F56-423E-AE41-650A26EE73BF}.Debug|Any CPU.Build.0 = Debug|Any CPU
		{29778A8F-4F56-423E-AE41-650A26EE73BF}.Release|Any CPU.ActiveCfg = Release|Any CPU
		{29778A8F-4F56-423E-AE41-650A26EE73BF}.Release|Any CPU.Build.0 = Release|Any CPU
		{2975E639-4E73-4687-8D9A-6F802BC323F9}.Debug|Any CPU.ActiveCfg = Debug|Any CPU
		{2975E639-4E73-4687-8D9A-6F802BC323F9}.Debug|Any CPU.Build.0 = Debug|Any CPU
		{2975E639-4E73-4687-8D9A-6F802BC323F9}.Release|Any CPU.ActiveCfg = Release|Any CPU
		{2975E639-4E73-4687-8D9A-6F802BC323F9}.Release|Any CPU.Build.0 = Release|Any CPU
		{D5B11A5E-A80C-43D3-ABFE-0C50C2D6A131}.Debug|Any CPU.ActiveCfg = Debug|Any CPU
		{D5B11A5E-A80C-43D3-ABFE-0C50C2D6A131}.Debug|Any CPU.Build.0 = Debug|Any CPU
		{D5B11A5E-A80C-43D3-ABFE-0C50C2D6A131}.Release|Any CPU.ActiveCfg = Release|Any CPU
		{D5B11A5E-A80C-43D3-ABFE-0C50C2D6A131}.Release|Any CPU.Build.0 = Release|Any CPU
	EndGlobalSection
	GlobalSection(SolutionProperties) = preSolution
		HideSolutionNode = FALSE
	EndGlobalSection
	GlobalSection(ExtensibilityGlobals) = postSolution
		SolutionGuid = {78190BCD-2242-4AAD-AA23-DFACF1BEA47B}
	EndGlobalSection
EndGlobal
